{
    "_meta": {
        "hash": {
            "sha256": "d8328c036a8c3c24bace05c184030edc655f40966f7bc27724f0dfeadd39eeac"
        },
        "pipfile-spec": 6,
        "requires": {
            "python_version": "3.7.3"
        },
        "sources": [
            {
                "name": "pypi",
                "url": "https://pypi.org/simple",
                "verify_ssl": true
            }
        ]
    },
    "default": {
        "progress": {
            "hashes": [
                "sha256:c9c86e98b5c03fa1fe11e3b67c1feda4788b8d0fe7336c2ff7d5644ccfba34cd"
            ],
            "index": "pypi",
            "version": "==1.6"
        }
    },
    "develop": {}
}
